
Microsoft Visual Studio Solution File, Format Version 12.00
# Visual Studio Version 17
VisualStudioVersion = 17.9.34607.119
MinimumVisualStudioVersion = 10.0.40219.1
Project("{FAE04EC0-301F-11D3-BF4B-00C04F79EFBC}") = "GymEquipmentsStore", "GymEquipmentsStore.csproj", "{A9F2A164-7C00-4918-8B83-631E107F612E}"
EndProject
Global
	GlobalSection(SolutionConfigurationPlatforms) = preSolution
		Debug|Any CPU = Debug|Any CPU
		Release|Any CPU = Release|Any CPU
	EndGlobalSection
	GlobalSection(ProjectConfigurationPlatforms) = postSolution
		{A9F2A164-7C00-4918-8B83-631E107F612E}.Debug|Any CPU.ActiveCfg = Debug|Any CPU
		{A9F2A164-7C00-4918-8B83-631E107F612E}.Debug|Any CPU.Build.0 = Debug|Any CPU
		{A9F2A164-7C00-4918-8B83-631E107F612E}.Debug|Any CPU.Deploy.0 = Debug|Any CPU
		{A9F2A164-7C00-4918-8B83-631E107F612E}.Release|Any CPU.ActiveCfg = Release|Any CPU
		{A9F2A164-7C00-4918-8B83-631E107F612E}.Release|Any CPU.Build.0 = Release|Any CPU
		{A9F2A164-7C00-4918-8B83-631E107F612E}.Release|Any CPU.Deploy.0 = Release|Any CPU
	EndGlobalSection
	GlobalSection(SolutionProperties) = preSolution
		HideSolutionNode = FALSE
	EndGlobalSection
	GlobalSection(ExtensibilityGlobals) = postSolution
		SolutionGuid = {14DE6004-4361-499F-ADC8-46401D56B261}
	EndGlobalSection
EndGlobal
